
Microsoft Visual Studio Solution File, Format Version 12.00
# Visual Studio Version 16
VisualStudioVersion = 16.0.30907.101
MinimumVisualStudioVersion = 10.0.40219.1
Project("{9A19103F-16F7-4668-BE54-9A1E7A4F7556}") = "ShellProgressBar", "src\ShellProgressBar\ShellProgressBar.csproj", "{694FF863-5097-4FAA-85AE-97B6E6E8AB3C}"
EndProject
Global
	GlobalSection(SolutionConfigurationPlatforms) = preSolution
		Debug|Any CPU = Debug|Any CPU
		Release|Any CPU = Release|Any CPU
	EndGlobalSection
	GlobalSection(ProjectConfigurationPlatforms) = postSolution
		{694FF863-5097-4FAA-85AE-97B6E6E8AB3C}.Debug|Any CPU.ActiveCfg = Debug|Any CPU
		{694FF863-5097-4FAA-85AE-97B6E6E8AB3C}.Debug|Any CPU.Build.0 = Debug|Any CPU
		{694FF863-5097-4FAA-85AE-97B6E6E8AB3C}.Release|Any CPU.ActiveCfg = Release|Any CPU
		{694FF863-5097-4FAA-85AE-97B6E6E8AB3C}.Release|Any CPU.Build.0 = Release|Any CPU
	EndGlobalSection
	GlobalSection(SolutionProperties) = preSolution
		HideSolutionNode = FALSE
	EndGlobalSection
	GlobalSection(ExtensibilityGlobals) = postSolution
		SolutionGuid = {609F49ED-A199-4F0A-A7FA-A4B472E3A291}
	EndGlobalSection
EndGlobal
